// !$*UTF8*$!
{
	archiveVersion = 1;
	classes = {
	};
	objectVersion = 55;
	objects = {

/* Begin PBXBuildFile section */
		80B017278C10374F5E895CDD /* Pods_FindYourOnlys.framework in Frameworks */ = {isa = PBXBuildFile; fileRef = D3E36B9AC81CF00A11DD026D /* Pods_FindYourOnlys.framework */; };
		98CC15A728005B6C00B9FDC6 /* AppDelegate.swift in Sources */ = {isa = PBXBuildFile; fileRef = 98CC15A628005B6C00B9FDC6 /* AppDelegate.swift */; };
		98CC15A928005B6C00B9FDC6 /* SceneDelegate.swift in Sources */ = {isa = PBXBuildFile; fileRef = 98CC15A828005B6C00B9FDC6 /* SceneDelegate.swift */; };
		98CC15AB28005B6C00B9FDC6 /* AdoptViewController.swift in Sources */ = {isa = PBXBuildFile; fileRef = 98CC15AA28005B6C00B9FDC6 /* AdoptViewController.swift */; };
		98CC15AE28005B6C00B9FDC6 /* Adopt.storyboard in Resources */ = {isa = PBXBuildFile; fileRef = 98CC15AC28005B6C00B9FDC6 /* Adopt.storyboard */; };
		98CC15B028005B6C00B9FDC6 /* Assets.xcassets in Resources */ = {isa = PBXBuildFile; fileRef = 98CC15AF28005B6C00B9FDC6 /* Assets.xcassets */; };
		98CC15B328005B6C00B9FDC6 /* LaunchScreen.storyboard in Resources */ = {isa = PBXBuildFile; fileRef = 98CC15B128005B6C00B9FDC6 /* LaunchScreen.storyboard */; };
		98CC15BC2801721000B9FDC6 /* GoogleService-Info.plist in Resources */ = {isa = PBXBuildFile; fileRef = 98CC15BB2801721000B9FDC6 /* GoogleService-Info.plist */; };
		98CC15C328017A1C00B9FDC6 /* AdoptCollectionViewCell.swift in Sources */ = {isa = PBXBuildFile; fileRef = 98CC15C128017A1C00B9FDC6 /* AdoptCollectionViewCell.swift */; };
		98CC15C428017A1C00B9FDC6 /* AdoptCollectionViewCell.xib in Resources */ = {isa = PBXBuildFile; fileRef = 98CC15C228017A1C00B9FDC6 /* AdoptCollectionViewCell.xib */; };
		98CC15C728017A3700B9FDC6 /* UITableView+Extension.swift in Sources */ = {isa = PBXBuildFile; fileRef = 98CC15C628017A3700B9FDC6 /* UITableView+Extension.swift */; };
		98CC15CC2801B1ED00B9FDC6 /* FavoriteTableViewCell.swift in Sources */ = {isa = PBXBuildFile; fileRef = 98CC15CA2801B1ED00B9FDC6 /* FavoriteTableViewCell.swift */; };
		98CC15CF2801B22700B9FDC6 /* FavoriteTableViewCell.xib in Resources */ = {isa = PBXBuildFile; fileRef = 98CC15CE2801B22700B9FDC6 /* FavoriteTableViewCell.xib */; };
		98CC15D12801B8EE00B9FDC6 /* AdoptListViewController.swift in Sources */ = {isa = PBXBuildFile; fileRef = 98CC15D02801B8EE00B9FDC6 /* AdoptListViewController.swift */; };
		98CC15D32801B91600B9FDC6 /* AdoptFavoriteViewController.swift in Sources */ = {isa = PBXBuildFile; fileRef = 98CC15D22801B91600B9FDC6 /* AdoptFavoriteViewController.swift */; };
		98CC15D52801B9B500B9FDC6 /* UICollectionView+Extension.swift in Sources */ = {isa = PBXBuildFile; fileRef = 98CC15D42801B9B500B9FDC6 /* UICollectionView+Extension.swift */; };
		98CC15D72801BA4B00B9FDC6 /* HTTPClient.swift in Sources */ = {isa = PBXBuildFile; fileRef = 98CC15D62801BA4B00B9FDC6 /* HTTPClient.swift */; };
		98CC15D92801BD7800B9FDC6 /* PetHTTPClient.swift in Sources */ = {isa = PBXBuildFile; fileRef = 98CC15D82801BD7800B9FDC6 /* PetHTTPClient.swift */; };
		98CC15DB2801C09900B9FDC6 /* Pet.swift in Sources */ = {isa = PBXBuildFile; fileRef = 98CC15DA2801C09900B9FDC6 /* Pet.swift */; };
		98CC15DD2801C98100B9FDC6 /* PetRequest.swift in Sources */ = {isa = PBXBuildFile; fileRef = 98CC15DC2801C98100B9FDC6 /* PetRequest.swift */; };
		98CC15DF2801D61C00B9FDC6 /* AdoptListViewModel.swift in Sources */ = {isa = PBXBuildFile; fileRef = 98CC15DE2801D61C00B9FDC6 /* AdoptListViewModel.swift */; };
		98CC15E12801D67300B9FDC6 /* Box.swift in Sources */ = {isa = PBXBuildFile; fileRef = 98CC15E02801D67300B9FDC6 /* Box.swift */; };
		98CC15E32801D71300B9FDC6 /* PetViewModel.swift in Sources */ = {isa = PBXBuildFile; fileRef = 98CC15E22801D71300B9FDC6 /* PetViewModel.swift */; };
		98CC15E52801E01100B9FDC6 /* PetProvider.swift in Sources */ = {isa = PBXBuildFile; fileRef = 98CC15E42801E01100B9FDC6 /* PetProvider.swift */; };
		98CC15E72802815200B9FDC6 /* StringProtocol+Extension.swift in Sources */ = {isa = PBXBuildFile; fileRef = 98CC15E62802815200B9FDC6 /* StringProtocol+Extension.swift */; };
		98CC15EB2802857500B9FDC6 /* KingfisherWrapper.swift in Sources */ = {isa = PBXBuildFile; fileRef = 98CC15EA2802857500B9FDC6 /* KingfisherWrapper.swift */; };
		98CC15EE280289C000B9FDC6 /* StorageManager.swift in Sources */ = {isa = PBXBuildFile; fileRef = 98CC15ED280289C000B9FDC6 /* StorageManager.swift */; };
		98CC15F228028A3500B9FDC6 /* FindYourOnlys.xcdatamodeld in Sources */ = {isa = PBXBuildFile; fileRef = 98CC15F028028A3500B9FDC6 /* FindYourOnlys.xcdatamodeld */; };
		98CC15FB28028D3400B9FDC6 /* LSPet+CoreDataClass.swift in Sources */ = {isa = PBXBuildFile; fileRef = 98CC15F928028D3400B9FDC6 /* LSPet+CoreDataClass.swift */; };
		98CC15FC28028D3400B9FDC6 /* LSPet+CoreDataProperties.swift in Sources */ = {isa = PBXBuildFile; fileRef = 98CC15FA28028D3400B9FDC6 /* LSPet+CoreDataProperties.swift */; };
		98CC15FE2802C1EC00B9FDC6 /* AdoptFavoriteViewModel.swift in Sources */ = {isa = PBXBuildFile; fileRef = 98CC15FD2802C1EC00B9FDC6 /* AdoptFavoriteViewModel.swift */; };
		98CC16002802E87D00B9FDC6 /* AdoptDetailViewController.swift in Sources */ = {isa = PBXBuildFile; fileRef = 98CC15FF2802E87D00B9FDC6 /* AdoptDetailViewController.swift */; };
		98CC16032802E8A100B9FDC6 /* AdoptDetailTableViewCell.swift in Sources */ = {isa = PBXBuildFile; fileRef = 98CC16012802E8A100B9FDC6 /* AdoptDetailTableViewCell.swift */; };
		98CC16042802E8A100B9FDC6 /* AdoptDetailTableViewCell.xib in Resources */ = {isa = PBXBuildFile; fileRef = 98CC16022802E8A100B9FDC6 /* AdoptDetailTableViewCell.xib */; };
		98CC16062802EA0D00B9FDC6 /* UIView+Extension.swift in Sources */ = {isa = PBXBuildFile; fileRef = 98CC16052802EA0D00B9FDC6 /* UIView+Extension.swift */; };
		98CC16082802EA7600B9FDC6 /* AdoptDetailViewModel.swift in Sources */ = {isa = PBXBuildFile; fileRef = 98CC16072802EA7600B9FDC6 /* AdoptDetailViewModel.swift */; };
		98CC160A2802EB9B00B9FDC6 /* UIViewController+Extension.swift in Sources */ = {isa = PBXBuildFile; fileRef = 98CC16092802EB9B00B9FDC6 /* UIViewController+Extension.swift */; };
		98CC16112803016500B9FDC6 /* AdoptDetailDecriptionTableViewCell.swift in Sources */ = {isa = PBXBuildFile; fileRef = 98CC160F2803016500B9FDC6 /* AdoptDetailDecriptionTableViewCell.swift */; };
		98CC16122803016500B9FDC6 /* AdoptDetailDecriptionTableViewCell.xib in Resources */ = {isa = PBXBuildFile; fileRef = 98CC16102803016500B9FDC6 /* AdoptDetailDecriptionTableViewCell.xib */; };
		98CC161428030F8100B9FDC6 /* AdoptDetailContentCategory.swift in Sources */ = {isa = PBXBuildFile; fileRef = 98CC161328030F8100B9FDC6 /* AdoptDetailContentCategory.swift */; };
		98CC16162803D69100B9FDC6 /* FavoriteLSPetViewModel.swift in Sources */ = {isa = PBXBuildFile; fileRef = 98CC16152803D69100B9FDC6 /* FavoriteLSPetViewModel.swift */; };
		98CC161A280427B700B9FDC6 /* FavoritePetFirebaseManager.swift in Sources */ = {isa = PBXBuildFile; fileRef = 98CC1619280427B700B9FDC6 /* FavoritePetFirebaseManager.swift */; };
		98CC161E28054A7600B9FDC6 /* FindPetSociety.storyboard in Resources */ = {isa = PBXBuildFile; fileRef = 98CC161D28054A7600B9FDC6 /* FindPetSociety.storyboard */; };
		98CC162328054B3A00B9FDC6 /* UIStoryBoard+Extension.swift in Sources */ = {isa = PBXBuildFile; fileRef = 98CC162228054B3A00B9FDC6 /* UIStoryBoard+Extension.swift */; };
		98CC1627280550D900B9FDC6 /* Main.storyboard in Resources */ = {isa = PBXBuildFile; fileRef = 98CC1626280550D900B9FDC6 /* Main.storyboard */; };
		98CC16292805518400B9FDC6 /* HomeTabBarController.swift in Sources */ = {isa = PBXBuildFile; fileRef = 98CC16282805518400B9FDC6 /* HomeTabBarController.swift */; };
		98CC162B280554E500B9FDC6 /* UIImage+Extension.swift in Sources */ = {isa = PBXBuildFile; fileRef = 98CC162A280554E500B9FDC6 /* UIImage+Extension.swift */; };
		98CC162E28055F5A00B9FDC6 /* FindPetSocietyViewController.swift in Sources */ = {isa = PBXBuildFile; fileRef = 98CC162D28055F5A00B9FDC6 /* FindPetSocietyViewController.swift */; };
		98CC163228055F9B00B9FDC6 /* ArticleTableViewCell.swift in Sources */ = {isa = PBXBuildFile; fileRef = 98CC163028055F9B00B9FDC6 /* ArticleTableViewCell.swift */; };
		98CC163328055F9B00B9FDC6 /* ArticleTableViewCell.xib in Resources */ = {isa = PBXBuildFile; fileRef = 98CC163128055F9B00B9FDC6 /* ArticleTableViewCell.xib */; };
		98CC163528056FD500B9FDC6 /* PublishViewController.swift in Sources */ = {isa = PBXBuildFile; fileRef = 98CC163428056FD500B9FDC6 /* PublishViewController.swift */; };
		98CC16382805709900B9FDC6 /* PublishTableViewCell.swift in Sources */ = {isa = PBXBuildFile; fileRef = 98CC16362805709900B9FDC6 /* PublishTableViewCell.swift */; };
		98CC16392805709900B9FDC6 /* PublishTableViewCell.xib in Resources */ = {isa = PBXBuildFile; fileRef = 98CC16372805709900B9FDC6 /* PublishTableViewCell.xib */; };
		98CC164028059EBD00B9FDC6 /* PublishKindCell.swift in Sources */ = {isa = PBXBuildFile; fileRef = 98CC163E28059EBD00B9FDC6 /* PublishKindCell.swift */; };
		98CC164128059EBD00B9FDC6 /* PublishKindCell.xib in Resources */ = {isa = PBXBuildFile; fileRef = 98CC163F28059EBD00B9FDC6 /* PublishKindCell.xib */; };
		98CC164428059EE800B9FDC6 /* PublishSelectionCell.swift in Sources */ = {isa = PBXBuildFile; fileRef = 98CC164228059EE800B9FDC6 /* PublishSelectionCell.swift */; };
		98CC164528059EE800B9FDC6 /* PublishSelectionCell.xib in Resources */ = {isa = PBXBuildFile; fileRef = 98CC164328059EE800B9FDC6 /* PublishSelectionCell.xib */; };
		98CC164828059F0C00B9FDC6 /* PublishUserCell.swift in Sources */ = {isa = PBXBuildFile; fileRef = 98CC164628059F0C00B9FDC6 /* PublishUserCell.swift */; };
		98CC164928059F0C00B9FDC6 /* PublishUserCell.xib in Resources */ = {isa = PBXBuildFile; fileRef = 98CC164728059F0C00B9FDC6 /* PublishUserCell.xib */; };
		98CC164C28059FCB00B9FDC6 /* PublishContentCell.swift in Sources */ = {isa = PBXBuildFile; fileRef = 98CC164A28059FCB00B9FDC6 /* PublishContentCell.swift */; };
		98CC164D28059FCB00B9FDC6 /* PublishContentCell.xib in Resources */ = {isa = PBXBuildFile; fileRef = 98CC164B28059FCB00B9FDC6 /* PublishContentCell.xib */; };
		98CC16512806585F00B9FDC6 /* ArticlePhotoCell.swift in Sources */ = {isa = PBXBuildFile; fileRef = 98CC164F2806585F00B9FDC6 /* ArticlePhotoCell.swift */; };
		98CC16522806585F00B9FDC6 /* ArticlePhotoCell.xib in Resources */ = {isa = PBXBuildFile; fileRef = 98CC16502806585F00B9FDC6 /* ArticlePhotoCell.xib */; };
		98CC16552806587D00B9FDC6 /* ArticleContentCell.swift in Sources */ = {isa = PBXBuildFile; fileRef = 98CC16532806587D00B9FDC6 /* ArticleContentCell.swift */; };
		98CC16562806587D00B9FDC6 /* ArticleContentCell.xib in Resources */ = {isa = PBXBuildFile; fileRef = 98CC16542806587D00B9FDC6 /* ArticleContentCell.xib */; };
		98CC16592806651D00B9FDC6 /* ContentInsetTextField.swift in Sources */ = {isa = PBXBuildFile; fileRef = 98CC16582806651D00B9FDC6 /* ContentInsetTextField.swift */; };
		98CC165C2806717800B9FDC6 /* FindPetSocietyViewModel.swift in Sources */ = {isa = PBXBuildFile; fileRef = 98CC165B2806717800B9FDC6 /* FindPetSocietyViewModel.swift */; };
		98CC165E280671D300B9FDC6 /* ArticleViewModel.swift in Sources */ = {isa = PBXBuildFile; fileRef = 98CC165D280671D300B9FDC6 /* ArticleViewModel.swift */; };
		98CC16602806724000B9FDC6 /* Article.swift in Sources */ = {isa = PBXBuildFile; fileRef = 98CC165F2806724000B9FDC6 /* Article.swift */; };
		98CC16622806796100B9FDC6 /* UploadTestViewController.swift in Sources */ = {isa = PBXBuildFile; fileRef = 98CC16612806796100B9FDC6 /* UploadTestViewController.swift */; };
		98CC16642806ACF600B9FDC6 /* PublishContentCategory.swift in Sources */ = {isa = PBXBuildFile; fileRef = 98CC16632806ACF600B9FDC6 /* PublishContentCategory.swift */; };
		98CC16662806AFAC00B9FDC6 /* PublishBasicCell.swift in Sources */ = {isa = PBXBuildFile; fileRef = 98CC16652806AFAC00B9FDC6 /* PublishBasicCell.swift */; };
		98CC16682806B3A400B9FDC6 /* UserManager.swift in Sources */ = {isa = PBXBuildFile; fileRef = 98CC16672806B3A400B9FDC6 /* UserManager.swift */; };
		98CC166A2806C14200B9FDC6 /* PetSocietyFirebaseManager.swift in Sources */ = {isa = PBXBuildFile; fileRef = 98CC16692806C14200B9FDC6 /* PetSocietyFirebaseManager.swift */; };
		98CC166C2806C1FD00B9FDC6 /* FirebaseCollectionType.swift in Sources */ = {isa = PBXBuildFile; fileRef = 98CC166B2806C1FD00B9FDC6 /* FirebaseCollectionType.swift */; };
		98CC166E2806C25600B9FDC6 /* PublishViewModel.swift in Sources */ = {isa = PBXBuildFile; fileRef = 98CC166D2806C25600B9FDC6 /* PublishViewModel.swift */; };
/* End PBXBuildFile section */

/* Begin PBXFileReference section */
		0DE5B635AC6994CD5CEA68B5 /* Pods-FindYourOnlys.debug.xcconfig */ = {isa = PBXFileReference; includeInIndex = 1; lastKnownFileType = text.xcconfig; name = "Pods-FindYourOnlys.debug.xcconfig"; path = "Target Support Files/Pods-FindYourOnlys/Pods-FindYourOnlys.debug.xcconfig"; sourceTree = "<group>"; };
		6AAA99A8BC5FA9600A080C81 /* Pods-FindYourOnlys.release.xcconfig */ = {isa = PBXFileReference; includeInIndex = 1; lastKnownFileType = text.xcconfig; name = "Pods-FindYourOnlys.release.xcconfig"; path = "Target Support Files/Pods-FindYourOnlys/Pods-FindYourOnlys.release.xcconfig"; sourceTree = "<group>"; };
		98CC15A328005B6C00B9FDC6 /* FindYourOnlys.app */ = {isa = PBXFileReference; explicitFileType = wrapper.application; includeInIndex = 0; path = FindYourOnlys.app; sourceTree = BUILT_PRODUCTS_DIR; };
		98CC15A628005B6C00B9FDC6 /* AppDelegate.swift */ = {isa = PBXFileReference; lastKnownFileType = sourcecode.swift; path = AppDelegate.swift; sourceTree = "<group>"; };
		98CC15A828005B6C00B9FDC6 /* SceneDelegate.swift */ = {isa = PBXFileReference; lastKnownFileType = sourcecode.swift; path = SceneDelegate.swift; sourceTree = "<group>"; };
		98CC15AA28005B6C00B9FDC6 /* AdoptViewController.swift */ = {isa = PBXFileReference; lastKnownFileType = sourcecode.swift; path = AdoptViewController.swift; sourceTree = "<group>"; };
		98CC15AD28005B6C00B9FDC6 /* Base */ = {isa = PBXFileReference; lastKnownFileType = file.storyboard; name = Base; path = Base.lproj/Adopt.storyboard; sourceTree = "<group>"; };
		98CC15AF28005B6C00B9FDC6 /* Assets.xcassets */ = {isa = PBXFileReference; lastKnownFileType = folder.assetcatalog; path = Assets.xcassets; sourceTree = "<group>"; };
		98CC15B228005B6C00B9FDC6 /* Base */ = {isa = PBXFileReference; lastKnownFileType = file.storyboard; name = Base; path = Base.lproj/LaunchScreen.storyboard; sourceTree = "<group>"; };
		98CC15B428005B6C00B9FDC6 /* Info.plist */ = {isa = PBXFileReference; lastKnownFileType = text.plist.xml; path = Info.plist; sourceTree = "<group>"; };
		98CC15BB2801721000B9FDC6 /* GoogleService-Info.plist */ = {isa = PBXFileReference; lastKnownFileType = text.plist; path = "GoogleService-Info.plist"; sourceTree = SOURCE_ROOT; };
		98CC15C128017A1C00B9FDC6 /* AdoptCollectionViewCell.swift */ = {isa = PBXFileReference; lastKnownFileType = sourcecode.swift; path = AdoptCollectionViewCell.swift; sourceTree = "<group>"; };
		98CC15C228017A1C00B9FDC6 /* AdoptCollectionViewCell.xib */ = {isa = PBXFileReference; lastKnownFileType = file.xib; path = AdoptCollectionViewCell.xib; sourceTree = "<group>"; };
		98CC15C628017A3700B9FDC6 /* UITableView+Extension.swift */ = {isa = PBXFileReference; lastKnownFileType = sourcecode.swift; path = "UITableView+Extension.swift"; sourceTree = "<group>"; };
		98CC15CA2801B1ED00B9FDC6 /* FavoriteTableViewCell.swift */ = {isa = PBXFileReference; lastKnownFileType = sourcecode.swift; path = FavoriteTableViewCell.swift; sourceTree = "<group>"; };
		98CC15CE2801B22700B9FDC6 /* FavoriteTableViewCell.xib */ = {isa = PBXFileReference; lastKnownFileType = file.xib; path = FavoriteTableViewCell.xib; sourceTree = "<group>"; };
		98CC15D02801B8EE00B9FDC6 /* AdoptListViewController.swift */ = {isa = PBXFileReference; lastKnownFileType = sourcecode.swift; path = AdoptListViewController.swift; sourceTree = "<group>"; };
		98CC15D22801B91600B9FDC6 /* AdoptFavoriteViewController.swift */ = {isa = PBXFileReference; lastKnownFileType = sourcecode.swift; path = AdoptFavoriteViewController.swift; sourceTree = "<group>"; };
		98CC15D42801B9B500B9FDC6 /* UICollectionView+Extension.swift */ = {isa = PBXFileReference; lastKnownFileType = sourcecode.swift; path = "UICollectionView+Extension.swift"; sourceTree = "<group>"; };
		98CC15D62801BA4B00B9FDC6 /* HTTPClient.swift */ = {isa = PBXFileReference; lastKnownFileType = sourcecode.swift; path = HTTPClient.swift; sourceTree = "<group>"; };
		98CC15D82801BD7800B9FDC6 /* PetHTTPClient.swift */ = {isa = PBXFileReference; lastKnownFileType = sourcecode.swift; path = PetHTTPClient.swift; sourceTree = "<group>"; };
		98CC15DA2801C09900B9FDC6 /* Pet.swift */ = {isa = PBXFileReference; lastKnownFileType = sourcecode.swift; path = Pet.swift; sourceTree = "<group>"; };
		98CC15DC2801C98100B9FDC6 /* PetRequest.swift */ = {isa = PBXFileReference; lastKnownFileType = sourcecode.swift; path = PetRequest.swift; sourceTree = "<group>"; };
		98CC15DE2801D61C00B9FDC6 /* AdoptListViewModel.swift */ = {isa = PBXFileReference; lastKnownFileType = sourcecode.swift; path = AdoptListViewModel.swift; sourceTree = "<group>"; };
		98CC15E02801D67300B9FDC6 /* Box.swift */ = {isa = PBXFileReference; lastKnownFileType = sourcecode.swift; path = Box.swift; sourceTree = "<group>"; };
		98CC15E22801D71300B9FDC6 /* PetViewModel.swift */ = {isa = PBXFileReference; lastKnownFileType = sourcecode.swift; path = PetViewModel.swift; sourceTree = "<group>"; };
		98CC15E42801E01100B9FDC6 /* PetProvider.swift */ = {isa = PBXFileReference; lastKnownFileType = sourcecode.swift; path = PetProvider.swift; sourceTree = "<group>"; };
		98CC15E62802815200B9FDC6 /* StringProtocol+Extension.swift */ = {isa = PBXFileReference; lastKnownFileType = sourcecode.swift; path = "StringProtocol+Extension.swift"; sourceTree = "<group>"; };
		98CC15EA2802857500B9FDC6 /* KingfisherWrapper.swift */ = {isa = PBXFileReference; lastKnownFileType = sourcecode.swift; path = KingfisherWrapper.swift; sourceTree = "<group>"; };
		98CC15ED280289C000B9FDC6 /* StorageManager.swift */ = {isa = PBXFileReference; lastKnownFileType = sourcecode.swift; path = StorageManager.swift; sourceTree = "<group>"; };
		98CC15F128028A3500B9FDC6 /* FindYourOnlys.xcdatamodel */ = {isa = PBXFileReference; lastKnownFileType = wrapper.xcdatamodel; path = FindYourOnlys.xcdatamodel; sourceTree = "<group>"; };
		98CC15F928028D3400B9FDC6 /* LSPet+CoreDataClass.swift */ = {isa = PBXFileReference; lastKnownFileType = sourcecode.swift; path = "LSPet+CoreDataClass.swift"; sourceTree = SOURCE_ROOT; };
		98CC15FA28028D3400B9FDC6 /* LSPet+CoreDataProperties.swift */ = {isa = PBXFileReference; lastKnownFileType = sourcecode.swift; path = "LSPet+CoreDataProperties.swift"; sourceTree = SOURCE_ROOT; };
		98CC15FD2802C1EC00B9FDC6 /* AdoptFavoriteViewModel.swift */ = {isa = PBXFileReference; lastKnownFileType = sourcecode.swift; path = AdoptFavoriteViewModel.swift; sourceTree = "<group>"; };
		98CC15FF2802E87D00B9FDC6 /* AdoptDetailViewController.swift */ = {isa = PBXFileReference; lastKnownFileType = sourcecode.swift; name = AdoptDetailViewController.swift; path = FindYourOnlys/Controller/Adopt/AdoptDetailViewController.swift; sourceTree = SOURCE_ROOT; };
		98CC16012802E8A100B9FDC6 /* AdoptDetailTableViewCell.swift */ = {isa = PBXFileReference; lastKnownFileType = sourcecode.swift; path = AdoptDetailTableViewCell.swift; sourceTree = "<group>"; };
		98CC16022802E8A100B9FDC6 /* AdoptDetailTableViewCell.xib */ = {isa = PBXFileReference; lastKnownFileType = file.xib; path = AdoptDetailTableViewCell.xib; sourceTree = "<group>"; };
		98CC16052802EA0D00B9FDC6 /* UIView+Extension.swift */ = {isa = PBXFileReference; lastKnownFileType = sourcecode.swift; path = "UIView+Extension.swift"; sourceTree = "<group>"; };
		98CC16072802EA7600B9FDC6 /* AdoptDetailViewModel.swift */ = {isa = PBXFileReference; lastKnownFileType = sourcecode.swift; path = AdoptDetailViewModel.swift; sourceTree = "<group>"; };
		98CC16092802EB9B00B9FDC6 /* UIViewController+Extension.swift */ = {isa = PBXFileReference; lastKnownFileType = sourcecode.swift; path = "UIViewController+Extension.swift"; sourceTree = "<group>"; };
		98CC160F2803016500B9FDC6 /* AdoptDetailDecriptionTableViewCell.swift */ = {isa = PBXFileReference; lastKnownFileType = sourcecode.swift; path = AdoptDetailDecriptionTableViewCell.swift; sourceTree = "<group>"; };
		98CC16102803016500B9FDC6 /* AdoptDetailDecriptionTableViewCell.xib */ = {isa = PBXFileReference; lastKnownFileType = file.xib; path = AdoptDetailDecriptionTableViewCell.xib; sourceTree = "<group>"; };
		98CC161328030F8100B9FDC6 /* AdoptDetailContentCategory.swift */ = {isa = PBXFileReference; lastKnownFileType = sourcecode.swift; path = AdoptDetailContentCategory.swift; sourceTree = "<group>"; };
		98CC16152803D69100B9FDC6 /* FavoriteLSPetViewModel.swift */ = {isa = PBXFileReference; lastKnownFileType = sourcecode.swift; path = FavoriteLSPetViewModel.swift; sourceTree = "<group>"; };
		98CC1619280427B700B9FDC6 /* FavoritePetFirebaseManager.swift */ = {isa = PBXFileReference; lastKnownFileType = sourcecode.swift; path = FavoritePetFirebaseManager.swift; sourceTree = "<group>"; };
		98CC161D28054A7600B9FDC6 /* FindPetSociety.storyboard */ = {isa = PBXFileReference; lastKnownFileType = file.storyboard; path = FindPetSociety.storyboard; sourceTree = "<group>"; };
		98CC162228054B3A00B9FDC6 /* UIStoryBoard+Extension.swift */ = {isa = PBXFileReference; lastKnownFileType = sourcecode.swift; path = "UIStoryBoard+Extension.swift"; sourceTree = "<group>"; };
		98CC1626280550D900B9FDC6 /* Main.storyboard */ = {isa = PBXFileReference; lastKnownFileType = file.storyboard; path = Main.storyboard; sourceTree = "<group>"; };
		98CC16282805518400B9FDC6 /* HomeTabBarController.swift */ = {isa = PBXFileReference; lastKnownFileType = sourcecode.swift; path = HomeTabBarController.swift; sourceTree = "<group>"; };
		98CC162A280554E500B9FDC6 /* UIImage+Extension.swift */ = {isa = PBXFileReference; lastKnownFileType = sourcecode.swift; path = "UIImage+Extension.swift"; sourceTree = "<group>"; };
		98CC162D28055F5A00B9FDC6 /* FindPetSocietyViewController.swift */ = {isa = PBXFileReference; lastKnownFileType = sourcecode.swift; path = FindPetSocietyViewController.swift; sourceTree = "<group>"; };
		98CC163028055F9B00B9FDC6 /* ArticleTableViewCell.swift */ = {isa = PBXFileReference; lastKnownFileType = sourcecode.swift; path = ArticleTableViewCell.swift; sourceTree = "<group>"; };
		98CC163128055F9B00B9FDC6 /* ArticleTableViewCell.xib */ = {isa = PBXFileReference; lastKnownFileType = file.xib; path = ArticleTableViewCell.xib; sourceTree = "<group>"; };
		98CC163428056FD500B9FDC6 /* PublishViewController.swift */ = {isa = PBXFileReference; lastKnownFileType = sourcecode.swift; path = PublishViewController.swift; sourceTree = "<group>"; };
		98CC16362805709900B9FDC6 /* PublishTableViewCell.swift */ = {isa = PBXFileReference; lastKnownFileType = sourcecode.swift; path = PublishTableViewCell.swift; sourceTree = "<group>"; };
		98CC16372805709900B9FDC6 /* PublishTableViewCell.xib */ = {isa = PBXFileReference; lastKnownFileType = file.xib; path = PublishTableViewCell.xib; sourceTree = "<group>"; };
		98CC163E28059EBD00B9FDC6 /* PublishKindCell.swift */ = {isa = PBXFileReference; lastKnownFileType = sourcecode.swift; path = PublishKindCell.swift; sourceTree = "<group>"; };
		98CC163F28059EBD00B9FDC6 /* PublishKindCell.xib */ = {isa = PBXFileReference; lastKnownFileType = file.xib; path = PublishKindCell.xib; sourceTree = "<group>"; };
		98CC164228059EE800B9FDC6 /* PublishSelectionCell.swift */ = {isa = PBXFileReference; lastKnownFileType = sourcecode.swift; path = PublishSelectionCell.swift; sourceTree = "<group>"; };
		98CC164328059EE800B9FDC6 /* PublishSelectionCell.xib */ = {isa = PBXFileReference; lastKnownFileType = file.xib; path = PublishSelectionCell.xib; sourceTree = "<group>"; };
		98CC164628059F0C00B9FDC6 /* PublishUserCell.swift */ = {isa = PBXFileReference; lastKnownFileType = sourcecode.swift; path = PublishUserCell.swift; sourceTree = "<group>"; };
		98CC164728059F0C00B9FDC6 /* PublishUserCell.xib */ = {isa = PBXFileReference; lastKnownFileType = file.xib; path = PublishUserCell.xib; sourceTree = "<group>"; };
		98CC164A28059FCB00B9FDC6 /* PublishContentCell.swift */ = {isa = PBXFileReference; lastKnownFileType = sourcecode.swift; path = PublishContentCell.swift; sourceTree = "<group>"; };
		98CC164B28059FCB00B9FDC6 /* PublishContentCell.xib */ = {isa = PBXFileReference; lastKnownFileType = file.xib; path = PublishContentCell.xib; sourceTree = "<group>"; };
		98CC164F2806585F00B9FDC6 /* ArticlePhotoCell.swift */ = {isa = PBXFileReference; lastKnownFileType = sourcecode.swift; path = ArticlePhotoCell.swift; sourceTree = "<group>"; };
		98CC16502806585F00B9FDC6 /* ArticlePhotoCell.xib */ = {isa = PBXFileReference; lastKnownFileType = file.xib; path = ArticlePhotoCell.xib; sourceTree = "<group>"; };
		98CC16532806587D00B9FDC6 /* ArticleContentCell.swift */ = {isa = PBXFileReference; lastKnownFileType = sourcecode.swift; path = ArticleContentCell.swift; sourceTree = "<group>"; };
		98CC16542806587D00B9FDC6 /* ArticleContentCell.xib */ = {isa = PBXFileReference; lastKnownFileType = file.xib; path = ArticleContentCell.xib; sourceTree = "<group>"; };
		98CC16582806651D00B9FDC6 /* ContentInsetTextField.swift */ = {isa = PBXFileReference; lastKnownFileType = sourcecode.swift; path = ContentInsetTextField.swift; sourceTree = "<group>"; };
		98CC165B2806717800B9FDC6 /* FindPetSocietyViewModel.swift */ = {isa = PBXFileReference; lastKnownFileType = sourcecode.swift; path = FindPetSocietyViewModel.swift; sourceTree = "<group>"; };
		98CC165D280671D300B9FDC6 /* ArticleViewModel.swift */ = {isa = PBXFileReference; lastKnownFileType = sourcecode.swift; path = ArticleViewModel.swift; sourceTree = "<group>"; };
		98CC165F2806724000B9FDC6 /* Article.swift */ = {isa = PBXFileReference; lastKnownFileType = sourcecode.swift; path = Article.swift; sourceTree = "<group>"; };
		98CC16612806796100B9FDC6 /* UploadTestViewController.swift */ = {isa = PBXFileReference; lastKnownFileType = sourcecode.swift; path = UploadTestViewController.swift; sourceTree = "<group>"; };
		98CC16632806ACF600B9FDC6 /* PublishContentCategory.swift */ = {isa = PBXFileReference; lastKnownFileType = sourcecode.swift; path = PublishContentCategory.swift; sourceTree = "<group>"; };
		98CC16652806AFAC00B9FDC6 /* PublishBasicCell.swift */ = {isa = PBXFileReference; lastKnownFileType = sourcecode.swift; path = PublishBasicCell.swift; sourceTree = "<group>"; };
		98CC16672806B3A400B9FDC6 /* UserManager.swift */ = {isa = PBXFileReference; lastKnownFileType = sourcecode.swift; path = UserManager.swift; sourceTree = "<group>"; };
		98CC16692806C14200B9FDC6 /* PetSocietyFirebaseManager.swift */ = {isa = PBXFileReference; lastKnownFileType = sourcecode.swift; path = PetSocietyFirebaseManager.swift; sourceTree = "<group>"; };
		98CC166B2806C1FD00B9FDC6 /* FirebaseCollectionType.swift */ = {isa = PBXFileReference; lastKnownFileType = sourcecode.swift; path = FirebaseCollectionType.swift; sourceTree = "<group>"; };
		98CC166D2806C25600B9FDC6 /* PublishViewModel.swift */ = {isa = PBXFileReference; lastKnownFileType = sourcecode.swift; path = PublishViewModel.swift; sourceTree = "<group>"; };
		D3E36B9AC81CF00A11DD026D /* Pods_FindYourOnlys.framework */ = {isa = PBXFileReference; explicitFileType = wrapper.framework; includeInIndex = 0; path = Pods_FindYourOnlys.framework; sourceTree = BUILT_PRODUCTS_DIR; };
/* End PBXFileReference section */

/* Begin PBXFrameworksBuildPhase section */
		98CC15A028005B6C00B9FDC6 /* Frameworks */ = {
			isa = PBXFrameworksBuildPhase;
			buildActionMask = 2147483647;
			files = (
				80B017278C10374F5E895CDD /* Pods_FindYourOnlys.framework in Frameworks */,
			);
			runOnlyForDeploymentPostprocessing = 0;
		};
/* End PBXFrameworksBuildPhase section */

/* Begin PBXGroup section */
		98CC159A28005B6C00B9FDC6 = {
			isa = PBXGroup;
			children = (
				98CC15A528005B6C00B9FDC6 /* FindYourOnlys */,
				98CC15A428005B6C00B9FDC6 /* Products */,
				DD46BB83A3A5D507D07D9598 /* Pods */,
				FC2CD9D9A32EBE8617928D3A /* Frameworks */,
			);
			sourceTree = "<group>";
		};
		98CC15A428005B6C00B9FDC6 /* Products */ = {
			isa = PBXGroup;
			children = (
				98CC15A328005B6C00B9FDC6 /* FindYourOnlys.app */,
			);
			name = Products;
			sourceTree = "<group>";
		};
		98CC15A528005B6C00B9FDC6 /* FindYourOnlys */ = {
			isa = PBXGroup;
			children = (
				98CC15A628005B6C00B9FDC6 /* AppDelegate.swift */,
				98CC15A828005B6C00B9FDC6 /* SceneDelegate.swift */,
				98CC15D62801BA4B00B9FDC6 /* HTTPClient.swift */,
				98CC15DC2801C98100B9FDC6 /* PetRequest.swift */,
				98CC15E92802855E00B9FDC6 /* Third party framework wrapper */,
				98CC15E82802855600B9FDC6 /* Box */,
				98CC15C528017A2500B9FDC6 /* Extension */,
				98CC15C02801798700B9FDC6 /* Model */,
				98CC15BE2801797500B9FDC6 /* View */,
				98CC15BD2801796D00B9FDC6 /* Controller */,
				98CC15BF2801797F00B9FDC6 /* ViewModel */,
				98CC161D28054A7600B9FDC6 /* FindPetSociety.storyboard */,
				98CC15AC28005B6C00B9FDC6 /* Adopt.storyboard */,
				98CC1626280550D900B9FDC6 /* Main.storyboard */,
				98CC15AF28005B6C00B9FDC6 /* Assets.xcassets */,
				98CC15B128005B6C00B9FDC6 /* LaunchScreen.storyboard */,
				98CC15BB2801721000B9FDC6 /* GoogleService-Info.plist */,
				98CC15B428005B6C00B9FDC6 /* Info.plist */,
			);
			path = FindYourOnlys;
			sourceTree = "<group>";
		};
		98CC15BD2801796D00B9FDC6 /* Controller */ = {
			isa = PBXGroup;
			children = (
				98CC16282805518400B9FDC6 /* HomeTabBarController.swift */,
				98CC162028054ACB00B9FDC6 /* Adopt */,
				98CC162C28055F3000B9FDC6 /* FindPetSociety */,
			);
			path = Controller;
			sourceTree = "<group>";
		};
		98CC15BE2801797500B9FDC6 /* View */ = {
			isa = PBXGroup;
			children = (
				98CC1657280664E300B9FDC6 /* BaseView */,
				98CC162F28055F7B00B9FDC6 /* FindPetSociety */,
				98CC161F28054AB600B9FDC6 /* Adopt */,
			);
			path = View;
			sourceTree = "<group>";
		};
		98CC15BF2801797F00B9FDC6 /* ViewModel */ = {
			isa = PBXGroup;
			children = (
				98CC165A2806714F00B9FDC6 /* FindPetSociety */,
				98CC162128054ADB00B9FDC6 /* Adopt */,
			);
			path = ViewModel;
			sourceTree = "<group>";
		};
		98CC15C02801798700B9FDC6 /* Model */ = {
			isa = PBXGroup;
			children = (
				98CC15DA2801C09900B9FDC6 /* Pet.swift */,
				98CC16672806B3A400B9FDC6 /* UserManager.swift */,
				98CC165F2806724000B9FDC6 /* Article.swift */,
				98CC16632806ACF600B9FDC6 /* PublishContentCategory.swift */,
				98CC161328030F8100B9FDC6 /* AdoptDetailContentCategory.swift */,
				98CC16172804276300B9FDC6 /* HTTPClient */,
				98CC16182804278700B9FDC6 /* Firebase */,
				98CC15EF280289C900B9FDC6 /* Local Storage */,
			);
			path = Model;
			sourceTree = "<group>";
		};
		98CC15C528017A2500B9FDC6 /* Extension */ = {
			isa = PBXGroup;
			children = (
				98CC15D42801B9B500B9FDC6 /* UICollectionView+Extension.swift */,
				98CC15C628017A3700B9FDC6 /* UITableView+Extension.swift */,
				98CC16052802EA0D00B9FDC6 /* UIView+Extension.swift */,
				98CC15E62802815200B9FDC6 /* StringProtocol+Extension.swift */,
				98CC16092802EB9B00B9FDC6 /* UIViewController+Extension.swift */,
				98CC162228054B3A00B9FDC6 /* UIStoryBoard+Extension.swift */,
				98CC162A280554E500B9FDC6 /* UIImage+Extension.swift */,
			);
			path = Extension;
			sourceTree = "<group>";
		};
		98CC15E82802855600B9FDC6 /* Box */ = {
			isa = PBXGroup;
			children = (
				98CC15E02801D67300B9FDC6 /* Box.swift */,
			);
			path = Box;
			sourceTree = "<group>";
		};
		98CC15E92802855E00B9FDC6 /* Third party framework wrapper */ = {
			isa = PBXGroup;
			children = (
				98CC15EA2802857500B9FDC6 /* KingfisherWrapper.swift */,
			);
			path = "Third party framework wrapper";
			sourceTree = "<group>";
		};
		98CC15EF280289C900B9FDC6 /* Local Storage */ = {
			isa = PBXGroup;
			children = (
				98CC15F028028A3500B9FDC6 /* FindYourOnlys.xcdatamodeld */,
				98CC15ED280289C000B9FDC6 /* StorageManager.swift */,
				98CC15F928028D3400B9FDC6 /* LSPet+CoreDataClass.swift */,
				98CC15FA28028D3400B9FDC6 /* LSPet+CoreDataProperties.swift */,
			);
			path = "Local Storage";
			sourceTree = "<group>";
		};
		98CC16172804276300B9FDC6 /* HTTPClient */ = {
			isa = PBXGroup;
			children = (
				98CC15D82801BD7800B9FDC6 /* PetHTTPClient.swift */,
				98CC15E42801E01100B9FDC6 /* PetProvider.swift */,
			);
			path = HTTPClient;
			sourceTree = "<group>";
		};
		98CC16182804278700B9FDC6 /* Firebase */ = {
			isa = PBXGroup;
			children = (
				98CC166B2806C1FD00B9FDC6 /* FirebaseCollectionType.swift */,
				98CC1619280427B700B9FDC6 /* FavoritePetFirebaseManager.swift */,
				98CC16692806C14200B9FDC6 /* PetSocietyFirebaseManager.swift */,
			);
			path = Firebase;
			sourceTree = "<group>";
		};
		98CC161F28054AB600B9FDC6 /* Adopt */ = {
			isa = PBXGroup;
			children = (
				98CC15C128017A1C00B9FDC6 /* AdoptCollectionViewCell.swift */,
				98CC15C228017A1C00B9FDC6 /* AdoptCollectionViewCell.xib */,
				98CC15CA2801B1ED00B9FDC6 /* FavoriteTableViewCell.swift */,
				98CC15CE2801B22700B9FDC6 /* FavoriteTableViewCell.xib */,
				98CC16012802E8A100B9FDC6 /* AdoptDetailTableViewCell.swift */,
				98CC16022802E8A100B9FDC6 /* AdoptDetailTableViewCell.xib */,
				98CC160F2803016500B9FDC6 /* AdoptDetailDecriptionTableViewCell.swift */,
				98CC16102803016500B9FDC6 /* AdoptDetailDecriptionTableViewCell.xib */,
			);
			path = Adopt;
			sourceTree = "<group>";
		};
		98CC162028054ACB00B9FDC6 /* Adopt */ = {
			isa = PBXGroup;
			children = (
				98CC15AA28005B6C00B9FDC6 /* AdoptViewController.swift */,
				98CC15D02801B8EE00B9FDC6 /* AdoptListViewController.swift */,
				98CC15D22801B91600B9FDC6 /* AdoptFavoriteViewController.swift */,
				98CC15FF2802E87D00B9FDC6 /* AdoptDetailViewController.swift */,
			);
			path = Adopt;
			sourceTree = "<group>";
		};
		98CC162128054ADB00B9FDC6 /* Adopt */ = {
			isa = PBXGroup;
			children = (
				98CC15E22801D71300B9FDC6 /* PetViewModel.swift */,
				98CC16152803D69100B9FDC6 /* FavoriteLSPetViewModel.swift */,
				98CC15DE2801D61C00B9FDC6 /* AdoptListViewModel.swift */,
				98CC15FD2802C1EC00B9FDC6 /* AdoptFavoriteViewModel.swift */,
				98CC16072802EA7600B9FDC6 /* AdoptDetailViewModel.swift */,
			);
			path = Adopt;
			sourceTree = "<group>";
		};
		98CC162C28055F3000B9FDC6 /* FindPetSociety */ = {
			isa = PBXGroup;
			children = (
				98CC162D28055F5A00B9FDC6 /* FindPetSocietyViewController.swift */,
				98CC163428056FD500B9FDC6 /* PublishViewController.swift */,
				98CC16612806796100B9FDC6 /* UploadTestViewController.swift */,
			);
			path = FindPetSociety;
			sourceTree = "<group>";
		};
		98CC162F28055F7B00B9FDC6 /* FindPetSociety */ = {
			isa = PBXGroup;
			children = (
				98CC163028055F9B00B9FDC6 /* ArticleTableViewCell.swift */,
				98CC163128055F9B00B9FDC6 /* ArticleTableViewCell.xib */,
				98CC164F2806585F00B9FDC6 /* ArticlePhotoCell.swift */,
				98CC16502806585F00B9FDC6 /* ArticlePhotoCell.xib */,
				98CC16532806587D00B9FDC6 /* ArticleContentCell.swift */,
				98CC16542806587D00B9FDC6 /* ArticleContentCell.xib */,
				98CC164E2805BF1C00B9FDC6 /* Publish */,
			);
			path = FindPetSociety;
			sourceTree = "<group>";
		};
		98CC164E2805BF1C00B9FDC6 /* Publish */ = {
			isa = PBXGroup;
			children = (
				98CC16362805709900B9FDC6 /* PublishTableViewCell.swift */,
				98CC16372805709900B9FDC6 /* PublishTableViewCell.xib */,
				98CC164628059F0C00B9FDC6 /* PublishUserCell.swift */,
				98CC164728059F0C00B9FDC6 /* PublishUserCell.xib */,
				98CC164228059EE800B9FDC6 /* PublishSelectionCell.swift */,
				98CC164328059EE800B9FDC6 /* PublishSelectionCell.xib */,
				98CC163E28059EBD00B9FDC6 /* PublishKindCell.swift */,
				98CC163F28059EBD00B9FDC6 /* PublishKindCell.xib */,
				98CC164A28059FCB00B9FDC6 /* PublishContentCell.swift */,
				98CC164B28059FCB00B9FDC6 /* PublishContentCell.xib */,
			);
			path = Publish;
			sourceTree = "<group>";
		};
		98CC1657280664E300B9FDC6 /* BaseView */ = {
			isa = PBXGroup;
			children = (
				98CC16582806651D00B9FDC6 /* ContentInsetTextField.swift */,
				98CC16652806AFAC00B9FDC6 /* PublishBasicCell.swift */,
			);
			path = BaseView;
			sourceTree = "<group>";
		};
		98CC165A2806714F00B9FDC6 /* FindPetSociety */ = {
			isa = PBXGroup;
			children = (
				98CC165B2806717800B9FDC6 /* FindPetSocietyViewModel.swift */,
				98CC166D2806C25600B9FDC6 /* PublishViewModel.swift */,
				98CC165D280671D300B9FDC6 /* ArticleViewModel.swift */,
			);
			path = FindPetSociety;
			sourceTree = "<group>";
		};
		DD46BB83A3A5D507D07D9598 /* Pods */ = {
			isa = PBXGroup;
			children = (
				0DE5B635AC6994CD5CEA68B5 /* Pods-FindYourOnlys.debug.xcconfig */,
				6AAA99A8BC5FA9600A080C81 /* Pods-FindYourOnlys.release.xcconfig */,
			);
			path = Pods;
			sourceTree = "<group>";
		};
		FC2CD9D9A32EBE8617928D3A /* Frameworks */ = {
			isa = PBXGroup;
			children = (
				D3E36B9AC81CF00A11DD026D /* Pods_FindYourOnlys.framework */,
			);
			name = Frameworks;
			sourceTree = "<group>";
		};
/* End PBXGroup section */

/* Begin PBXNativeTarget section */
		98CC15A228005B6C00B9FDC6 /* FindYourOnlys */ = {
			isa = PBXNativeTarget;
			buildConfigurationList = 98CC15B728005B6C00B9FDC6 /* Build configuration list for PBXNativeTarget "FindYourOnlys" */;
			buildPhases = (
				2433235BC013F169AB15F554 /* [CP] Check Pods Manifest.lock */,
				98CC159F28005B6C00B9FDC6 /* Sources */,
				98CC15A028005B6C00B9FDC6 /* Frameworks */,
				98CC15A128005B6C00B9FDC6 /* Resources */,
				98CC15BA2800689D00B9FDC6 /* ShellScript */,
				6DB016886865862642893970 /* [CP] Embed Pods Frameworks */,
			);
			buildRules = (
			);
			dependencies = (
			);
			name = FindYourOnlys;
			productName = FindYourOnlys;
			productReference = 98CC15A328005B6C00B9FDC6 /* FindYourOnlys.app */;
			productType = "com.apple.product-type.application";
		};
/* End PBXNativeTarget section */

/* Begin PBXProject section */
		98CC159B28005B6C00B9FDC6 /* Project object */ = {
			isa = PBXProject;
			attributes = {
				BuildIndependentTargetsInParallel = 1;
				LastSwiftUpdateCheck = 1320;
				LastUpgradeCheck = 1320;
				TargetAttributes = {
					98CC15A228005B6C00B9FDC6 = {
						CreatedOnToolsVersion = 13.2.1;
					};
				};
			};
			buildConfigurationList = 98CC159E28005B6C00B9FDC6 /* Build configuration list for PBXProject "FindYourOnlys" */;
			compatibilityVersion = "Xcode 13.0";
			developmentRegion = en;
			hasScannedForEncodings = 0;
			knownRegions = (
				en,
				Base,
			);
			mainGroup = 98CC159A28005B6C00B9FDC6;
			productRefGroup = 98CC15A428005B6C00B9FDC6 /* Products */;
			projectDirPath = "";
			projectRoot = "";
			targets = (
				98CC15A228005B6C00B9FDC6 /* FindYourOnlys */,
			);
		};
/* End PBXProject section */

/* Begin PBXResourcesBuildPhase section */
		98CC15A128005B6C00B9FDC6 /* Resources */ = {
			isa = PBXResourcesBuildPhase;
			buildActionMask = 2147483647;
			files = (
				98CC15B328005B6C00B9FDC6 /* LaunchScreen.storyboard in Resources */,
				98CC1627280550D900B9FDC6 /* Main.storyboard in Resources */,
				98CC16122803016500B9FDC6 /* AdoptDetailDecriptionTableViewCell.xib in Resources */,
				98CC15BC2801721000B9FDC6 /* GoogleService-Info.plist in Resources */,
				98CC16562806587D00B9FDC6 /* ArticleContentCell.xib in Resources */,
				98CC15B028005B6C00B9FDC6 /* Assets.xcassets in Resources */,
				98CC16522806585F00B9FDC6 /* ArticlePhotoCell.xib in Resources */,
				98CC164128059EBD00B9FDC6 /* PublishKindCell.xib in Resources */,
				98CC164928059F0C00B9FDC6 /* PublishUserCell.xib in Resources */,
				98CC15C428017A1C00B9FDC6 /* AdoptCollectionViewCell.xib in Resources */,
				98CC161E28054A7600B9FDC6 /* FindPetSociety.storyboard in Resources */,
				98CC16392805709900B9FDC6 /* PublishTableViewCell.xib in Resources */,
				98CC163328055F9B00B9FDC6 /* ArticleTableViewCell.xib in Resources */,
				98CC16042802E8A100B9FDC6 /* AdoptDetailTableViewCell.xib in Resources */,
				98CC164D28059FCB00B9FDC6 /* PublishContentCell.xib in Resources */,
				98CC15CF2801B22700B9FDC6 /* FavoriteTableViewCell.xib in Resources */,
				98CC164528059EE800B9FDC6 /* PublishSelectionCell.xib in Resources */,
				98CC15AE28005B6C00B9FDC6 /* Adopt.storyboard in Resources */,
			);
			runOnlyForDeploymentPostprocessing = 0;
		};
/* End PBXResourcesBuildPhase section */

/* Begin PBXShellScriptBuildPhase section */
		2433235BC013F169AB15F554 /* [CP] Check Pods Manifest.lock */ = {
			isa = PBXShellScriptBuildPhase;
			buildActionMask = 2147483647;
			files = (
			);
			inputFileListPaths = (
			);
			inputPaths = (
				"${PODS_PODFILE_DIR_PATH}/Podfile.lock",
				"${PODS_ROOT}/Manifest.lock",
			);
			name = "[CP] Check Pods Manifest.lock";
			outputFileListPaths = (
			);
			outputPaths = (
				"$(DERIVED_FILE_DIR)/Pods-FindYourOnlys-checkManifestLockResult.txt",
			);
			runOnlyForDeploymentPostprocessing = 0;
			shellPath = /bin/sh;
			shellScript = "diff \"${PODS_PODFILE_DIR_PATH}/Podfile.lock\" \"${PODS_ROOT}/Manifest.lock\" > /dev/null\nif [ $? != 0 ] ; then\n    # print error to STDERR\n    echo \"error: The sandbox is not in sync with the Podfile.lock. Run 'pod install' or update your CocoaPods installation.\" >&2\n    exit 1\nfi\n# This output is used by Xcode 'outputs' to avoid re-running this script phase.\necho \"SUCCESS\" > \"${SCRIPT_OUTPUT_FILE_0}\"\n";
			showEnvVarsInLog = 0;
		};
		6DB016886865862642893970 /* [CP] Embed Pods Frameworks */ = {
			isa = PBXShellScriptBuildPhase;
			buildActionMask = 2147483647;
			files = (
			);
			inputFileListPaths = (
				"${PODS_ROOT}/Target Support Files/Pods-FindYourOnlys/Pods-FindYourOnlys-frameworks-${CONFIGURATION}-input-files.xcfilelist",
			);
			name = "[CP] Embed Pods Frameworks";
			outputFileListPaths = (
				"${PODS_ROOT}/Target Support Files/Pods-FindYourOnlys/Pods-FindYourOnlys-frameworks-${CONFIGURATION}-output-files.xcfilelist",
			);
			runOnlyForDeploymentPostprocessing = 0;
			shellPath = /bin/sh;
			shellScript = "\"${PODS_ROOT}/Target Support Files/Pods-FindYourOnlys/Pods-FindYourOnlys-frameworks.sh\"\n";
			showEnvVarsInLog = 0;
		};
		98CC15BA2800689D00B9FDC6 /* ShellScript */ = {
			isa = PBXShellScriptBuildPhase;
			buildActionMask = 2147483647;
			files = (
			);
			inputFileListPaths = (
			);
			inputPaths = (
			);
			outputFileListPaths = (
			);
			outputPaths = (
			);
			runOnlyForDeploymentPostprocessing = 0;
			shellPath = /bin/sh;
			shellScript = "# Type a script or drag a script file from your workspace to insert its path.\n\"${PODS_ROOT}/SwiftLint/swiftlint\"\n";
		};
/* End PBXShellScriptBuildPhase section */

/* Begin PBXSourcesBuildPhase section */
		98CC159F28005B6C00B9FDC6 /* Sources */ = {
			isa = PBXSourcesBuildPhase;
			buildActionMask = 2147483647;
			files = (
				98CC16592806651D00B9FDC6 /* ContentInsetTextField.swift in Sources */,
				98CC15AB28005B6C00B9FDC6 /* AdoptViewController.swift in Sources */,
				98CC16032802E8A100B9FDC6 /* AdoptDetailTableViewCell.swift in Sources */,
				98CC15EB2802857500B9FDC6 /* KingfisherWrapper.swift in Sources */,
				98CC162B280554E500B9FDC6 /* UIImage+Extension.swift in Sources */,
				98CC15DF2801D61C00B9FDC6 /* AdoptListViewModel.swift in Sources */,
				98CC160A2802EB9B00B9FDC6 /* UIViewController+Extension.swift in Sources */,
				98CC16082802EA7600B9FDC6 /* AdoptDetailViewModel.swift in Sources */,
				98CC16622806796100B9FDC6 /* UploadTestViewController.swift in Sources */,
				98CC161428030F8100B9FDC6 /* AdoptDetailContentCategory.swift in Sources */,
				98CC15E32801D71300B9FDC6 /* PetViewModel.swift in Sources */,
				98CC15D92801BD7800B9FDC6 /* PetHTTPClient.swift in Sources */,
				98CC15E72802815200B9FDC6 /* StringProtocol+Extension.swift in Sources */,
				98CC16162803D69100B9FDC6 /* FavoriteLSPetViewModel.swift in Sources */,
				98CC15D32801B91600B9FDC6 /* AdoptFavoriteViewController.swift in Sources */,
				98CC15F228028A3500B9FDC6 /* FindYourOnlys.xcdatamodeld in Sources */,
				98CC15EE280289C000B9FDC6 /* StorageManager.swift in Sources */,
				98CC163228055F9B00B9FDC6 /* ArticleTableViewCell.swift in Sources */,
				98CC16682806B3A400B9FDC6 /* UserManager.swift in Sources */,
				98CC16292805518400B9FDC6 /* HomeTabBarController.swift in Sources */,
				98CC15A728005B6C00B9FDC6 /* AppDelegate.swift in Sources */,
				98CC16662806AFAC00B9FDC6 /* PublishBasicCell.swift in Sources */,
				98CC15D12801B8EE00B9FDC6 /* AdoptListViewController.swift in Sources */,
				98CC16062802EA0D00B9FDC6 /* UIView+Extension.swift in Sources */,
				98CC15FE2802C1EC00B9FDC6 /* AdoptFavoriteViewModel.swift in Sources */,
				98CC15C728017A3700B9FDC6 /* UITableView+Extension.swift in Sources */,
				98CC15FB28028D3400B9FDC6 /* LSPet+CoreDataClass.swift in Sources */,
				98CC166A2806C14200B9FDC6 /* PetSocietyFirebaseManager.swift in Sources */,
				98CC161A280427B700B9FDC6 /* FavoritePetFirebaseManager.swift in Sources */,
				98CC164428059EE800B9FDC6 /* PublishSelectionCell.swift in Sources */,
				98CC166C2806C1FD00B9FDC6 /* FirebaseCollectionType.swift in Sources */,
				98CC165E280671D300B9FDC6 /* ArticleViewModel.swift in Sources */,
				98CC15E52801E01100B9FDC6 /* PetProvider.swift in Sources */,
				98CC16002802E87D00B9FDC6 /* AdoptDetailViewController.swift in Sources */,
				98CC16512806585F00B9FDC6 /* ArticlePhotoCell.swift in Sources */,
				98CC16642806ACF600B9FDC6 /* PublishContentCategory.swift in Sources */,
				98CC16552806587D00B9FDC6 /* ArticleContentCell.swift in Sources */,
				98CC165C2806717800B9FDC6 /* FindPetSocietyViewModel.swift in Sources */,
				98CC15D52801B9B500B9FDC6 /* UICollectionView+Extension.swift in Sources */,
				98CC164028059EBD00B9FDC6 /* PublishKindCell.swift in Sources */,
				98CC15D72801BA4B00B9FDC6 /* HTTPClient.swift in Sources */,
				98CC15E12801D67300B9FDC6 /* Box.swift in Sources */,
				98CC162328054B3A00B9FDC6 /* UIStoryBoard+Extension.swift in Sources */,
				98CC16112803016500B9FDC6 /* AdoptDetailDecriptionTableViewCell.swift in Sources */,
				98CC16382805709900B9FDC6 /* PublishTableViewCell.swift in Sources */,
				98CC166E2806C25600B9FDC6 /* PublishViewModel.swift in Sources */,
				98CC15FC28028D3400B9FDC6 /* LSPet+CoreDataProperties.swift in Sources */,
				98CC15CC2801B1ED00B9FDC6 /* FavoriteTableViewCell.swift in Sources */,
				98CC15DB2801C09900B9FDC6 /* Pet.swift in Sources */,
				98CC15DD2801C98100B9FDC6 /* PetRequest.swift in Sources */,
				98CC164828059F0C00B9FDC6 /* PublishUserCell.swift in Sources */,
				98CC16602806724000B9FDC6 /* Article.swift in Sources */,
				98CC15C328017A1C00B9FDC6 /* AdoptCollectionViewCell.swift in Sources */,
				98CC164C28059FCB00B9FDC6 /* PublishContentCell.swift in Sources */,
				98CC15A928005B6C00B9FDC6 /* SceneDelegate.swift in Sources */,
				98CC162E28055F5A00B9FDC6 /* FindPetSocietyViewController.swift in Sources */,
				98CC163528056FD500B9FDC6 /* PublishViewController.swift in Sources */,
			);
			runOnlyForDeploymentPostprocessing = 0;
		};
/* End PBXSourcesBuildPhase section */

/* Begin PBXVariantGroup section */
		98CC15AC28005B6C00B9FDC6 /* Adopt.storyboard */ = {
			isa = PBXVariantGroup;
			children = (
				98CC15AD28005B6C00B9FDC6 /* Base */,
			);
			name = Adopt.storyboard;
			sourceTree = "<group>";
		};
		98CC15B128005B6C00B9FDC6 /* LaunchScreen.storyboard */ = {
			isa = PBXVariantGroup;
			children = (
				98CC15B228005B6C00B9FDC6 /* Base */,
			);
			name = LaunchScreen.storyboard;
			sourceTree = "<group>";
		};
/* End PBXVariantGroup section */

/* Begin XCBuildConfiguration section */
		98CC15B528005B6C00B9FDC6 /* Debug */ = {
			isa = XCBuildConfiguration;
			buildSettings = {
				ALWAYS_SEARCH_USER_PATHS = NO;
				CLANG_ANALYZER_NONNULL = YES;
				CLANG_ANALYZER_NUMBER_OBJECT_CONVERSION = YES_AGGRESSIVE;
				CLANG_CXX_LANGUAGE_STANDARD = "gnu++17";
				CLANG_CXX_LIBRARY = "libc++";
				CLANG_ENABLE_MODULES = YES;
				CLANG_ENABLE_OBJC_ARC = YES;
				CLANG_ENABLE_OBJC_WEAK = YES;
				CLANG_WARN_BLOCK_CAPTURE_AUTORELEASING = YES;
				CLANG_WARN_BOOL_CONVERSION = YES;
				CLANG_WARN_COMMA = YES;
				CLANG_WARN_CONSTANT_CONVERSION = YES;
				CLANG_WARN_DEPRECATED_OBJC_IMPLEMENTATIONS = YES;
				CLANG_WARN_DIRECT_OBJC_ISA_USAGE = YES_ERROR;
				CLANG_WARN_DOCUMENTATION_COMMENTS = YES;
				CLANG_WARN_EMPTY_BODY = YES;
				CLANG_WARN_ENUM_CONVERSION = YES;
				CLANG_WARN_INFINITE_RECURSION = YES;
				CLANG_WARN_INT_CONVERSION = YES;
				CLANG_WARN_NON_LITERAL_NULL_CONVERSION = YES;
				CLANG_WARN_OBJC_IMPLICIT_RETAIN_SELF = YES;
				CLANG_WARN_OBJC_LITERAL_CONVERSION = YES;
				CLANG_WARN_OBJC_ROOT_CLASS = YES_ERROR;
				CLANG_WARN_QUOTED_INCLUDE_IN_FRAMEWORK_HEADER = YES;
				CLANG_WARN_RANGE_LOOP_ANALYSIS = YES;
				CLANG_WARN_STRICT_PROTOTYPES = YES;
				CLANG_WARN_SUSPICIOUS_MOVE = YES;
				CLANG_WARN_UNGUARDED_AVAILABILITY = YES_AGGRESSIVE;
				CLANG_WARN_UNREACHABLE_CODE = YES;
				CLANG_WARN__DUPLICATE_METHOD_MATCH = YES;
				COPY_PHASE_STRIP = NO;
				DEBUG_INFORMATION_FORMAT = dwarf;
				ENABLE_STRICT_OBJC_MSGSEND = YES;
				ENABLE_TESTABILITY = YES;
				GCC_C_LANGUAGE_STANDARD = gnu11;
				GCC_DYNAMIC_NO_PIC = NO;
				GCC_NO_COMMON_BLOCKS = YES;
				GCC_OPTIMIZATION_LEVEL = 0;
				GCC_PREPROCESSOR_DEFINITIONS = (
					"DEBUG=1",
					"$(inherited)",
				);
				GCC_WARN_64_TO_32_BIT_CONVERSION = YES;
				GCC_WARN_ABOUT_RETURN_TYPE = YES_ERROR;
				GCC_WARN_UNDECLARED_SELECTOR = YES;
				GCC_WARN_UNINITIALIZED_AUTOS = YES_AGGRESSIVE;
				GCC_WARN_UNUSED_FUNCTION = YES;
				GCC_WARN_UNUSED_VARIABLE = YES;
				IPHONEOS_DEPLOYMENT_TARGET = 15.2;
				MTL_ENABLE_DEBUG_INFO = INCLUDE_SOURCE;
				MTL_FAST_MATH = YES;
				ONLY_ACTIVE_ARCH = YES;
				SDKROOT = iphoneos;
				SWIFT_ACTIVE_COMPILATION_CONDITIONS = DEBUG;
				SWIFT_OPTIMIZATION_LEVEL = "-Onone";
			};
			name = Debug;
		};
		98CC15B628005B6C00B9FDC6 /* Release */ = {
			isa = XCBuildConfiguration;
			buildSettings = {
				ALWAYS_SEARCH_USER_PATHS = NO;
				CLANG_ANALYZER_NONNULL = YES;
				CLANG_ANALYZER_NUMBER_OBJECT_CONVERSION = YES_AGGRESSIVE;
				CLANG_CXX_LANGUAGE_STANDARD = "gnu++17";
				CLANG_CXX_LIBRARY = "libc++";
				CLANG_ENABLE_MODULES = YES;
				CLANG_ENABLE_OBJC_ARC = YES;
				CLANG_ENABLE_OBJC_WEAK = YES;
				CLANG_WARN_BLOCK_CAPTURE_AUTORELEASING = YES;
				CLANG_WARN_BOOL_CONVERSION = YES;
				CLANG_WARN_COMMA = YES;
				CLANG_WARN_CONSTANT_CONVERSION = YES;
				CLANG_WARN_DEPRECATED_OBJC_IMPLEMENTATIONS = YES;
				CLANG_WARN_DIRECT_OBJC_ISA_USAGE = YES_ERROR;
				CLANG_WARN_DOCUMENTATION_COMMENTS = YES;
				CLANG_WARN_EMPTY_BODY = YES;
				CLANG_WARN_ENUM_CONVERSION = YES;
				CLANG_WARN_INFINITE_RECURSION = YES;
				CLANG_WARN_INT_CONVERSION = YES;
				CLANG_WARN_NON_LITERAL_NULL_CONVERSION = YES;
				CLANG_WARN_OBJC_IMPLICIT_RETAIN_SELF = YES;
				CLANG_WARN_OBJC_LITERAL_CONVERSION = YES;
				CLANG_WARN_OBJC_ROOT_CLASS = YES_ERROR;
				CLANG_WARN_QUOTED_INCLUDE_IN_FRAMEWORK_HEADER = YES;
				CLANG_WARN_RANGE_LOOP_ANALYSIS = YES;
				CLANG_WARN_STRICT_PROTOTYPES = YES;
				CLANG_WARN_SUSPICIOUS_MOVE = YES;
				CLANG_WARN_UNGUARDED_AVAILABILITY = YES_AGGRESSIVE;
				CLANG_WARN_UNREACHABLE_CODE = YES;
				CLANG_WARN__DUPLICATE_METHOD_MATCH = YES;
				COPY_PHASE_STRIP = NO;
				DEBUG_INFORMATION_FORMAT = "dwarf-with-dsym";
				ENABLE_NS_ASSERTIONS = NO;
				ENABLE_STRICT_OBJC_MSGSEND = YES;
				GCC_C_LANGUAGE_STANDARD = gnu11;
				GCC_NO_COMMON_BLOCKS = YES;
				GCC_WARN_64_TO_32_BIT_CONVERSION = YES;
				GCC_WARN_ABOUT_RETURN_TYPE = YES_ERROR;
				GCC_WARN_UNDECLARED_SELECTOR = YES;
				GCC_WARN_UNINITIALIZED_AUTOS = YES_AGGRESSIVE;
				GCC_WARN_UNUSED_FUNCTION = YES;
				GCC_WARN_UNUSED_VARIABLE = YES;
				IPHONEOS_DEPLOYMENT_TARGET = 15.2;
				MTL_ENABLE_DEBUG_INFO = NO;
				MTL_FAST_MATH = YES;
				SDKROOT = iphoneos;
				SWIFT_COMPILATION_MODE = wholemodule;
				SWIFT_OPTIMIZATION_LEVEL = "-O";
				VALIDATE_PRODUCT = YES;
			};
			name = Release;
		};
		98CC15B828005B6C00B9FDC6 /* Debug */ = {
			isa = XCBuildConfiguration;
			baseConfigurationReference = 0DE5B635AC6994CD5CEA68B5 /* Pods-FindYourOnlys.debug.xcconfig */;
			buildSettings = {
				ASSETCATALOG_COMPILER_APPICON_NAME = AppIcon;
				ASSETCATALOG_COMPILER_GLOBAL_ACCENT_COLOR_NAME = AccentColor;
				CODE_SIGN_STYLE = Automatic;
				CURRENT_PROJECT_VERSION = 1;
				DEVELOPMENT_TEAM = 6D8CRTN6K7;
				GENERATE_INFOPLIST_FILE = YES;
				INFOPLIST_FILE = FindYourOnlys/Info.plist;
				INFOPLIST_KEY_UIApplicationSupportsIndirectInputEvents = YES;
				INFOPLIST_KEY_UILaunchStoryboardName = LaunchScreen;
				INFOPLIST_KEY_UIMainStoryboardFile = Main;
				INFOPLIST_KEY_UISupportedInterfaceOrientations_iPad = "UIInterfaceOrientationPortrait UIInterfaceOrientationPortraitUpsideDown UIInterfaceOrientationLandscapeLeft UIInterfaceOrientationLandscapeRight";
				INFOPLIST_KEY_UISupportedInterfaceOrientations_iPhone = "UIInterfaceOrientationPortrait UIInterfaceOrientationLandscapeLeft UIInterfaceOrientationLandscapeRight";
				IPHONEOS_DEPLOYMENT_TARGET = 13.0;
				LD_RUNPATH_SEARCH_PATHS = (
					"$(inherited)",
					"@executable_path/Frameworks",
				);
				MARKETING_VERSION = 1.0;
				PRODUCT_BUNDLE_IDENTIFIER = com.waynecheng.FindYourOnlys;
				PRODUCT_NAME = "$(TARGET_NAME)";
				SWIFT_EMIT_LOC_STRINGS = YES;
				SWIFT_VERSION = 5.0;
				TARGETED_DEVICE_FAMILY = "1,2";
			};
			name = Debug;
		};
		98CC15B928005B6C00B9FDC6 /* Release */ = {
			isa = XCBuildConfiguration;
			baseConfigurationReference = 6AAA99A8BC5FA9600A080C81 /* Pods-FindYourOnlys.release.xcconfig */;
			buildSettings = {
				ASSETCATALOG_COMPILER_APPICON_NAME = AppIcon;
				ASSETCATALOG_COMPILER_GLOBAL_ACCENT_COLOR_NAME = AccentColor;
				CODE_SIGN_STYLE = Automatic;
				CURRENT_PROJECT_VERSION = 1;
				DEVELOPMENT_TEAM = 6D8CRTN6K7;
				GENERATE_INFOPLIST_FILE = YES;
				INFOPLIST_FILE = FindYourOnlys/Info.plist;
				INFOPLIST_KEY_UIApplicationSupportsIndirectInputEvents = YES;
				INFOPLIST_KEY_UILaunchStoryboardName = LaunchScreen;
				INFOPLIST_KEY_UIMainStoryboardFile = Main;
				INFOPLIST_KEY_UISupportedInterfaceOrientations_iPad = "UIInterfaceOrientationPortrait UIInterfaceOrientationPortraitUpsideDown UIInterfaceOrientationLandscapeLeft UIInterfaceOrientationLandscapeRight";
				INFOPLIST_KEY_UISupportedInterfaceOrientations_iPhone = "UIInterfaceOrientationPortrait UIInterfaceOrientationLandscapeLeft UIInterfaceOrientationLandscapeRight";
				IPHONEOS_DEPLOYMENT_TARGET = 13.0;
				LD_RUNPATH_SEARCH_PATHS = (
					"$(inherited)",
					"@executable_path/Frameworks",
				);
				MARKETING_VERSION = 1.0;
				PRODUCT_BUNDLE_IDENTIFIER = com.waynecheng.FindYourOnlys;
				PRODUCT_NAME = "$(TARGET_NAME)";
				SWIFT_EMIT_LOC_STRINGS = YES;
				SWIFT_VERSION = 5.0;
				TARGETED_DEVICE_FAMILY = "1,2";
			};
			name = Release;
		};
/* End XCBuildConfiguration section */

/* Begin XCConfigurationList section */
		98CC159E28005B6C00B9FDC6 /* Build configuration list for PBXProject "FindYourOnlys" */ = {
			isa = XCConfigurationList;
			buildConfigurations = (
				98CC15B528005B6C00B9FDC6 /* Debug */,
				98CC15B628005B6C00B9FDC6 /* Release */,
			);
			defaultConfigurationIsVisible = 0;
			defaultConfigurationName = Release;
		};
		98CC15B728005B6C00B9FDC6 /* Build configuration list for PBXNativeTarget "FindYourOnlys" */ = {
			isa = XCConfigurationList;
			buildConfigurations = (
				98CC15B828005B6C00B9FDC6 /* Debug */,
				98CC15B928005B6C00B9FDC6 /* Release */,
			);
			defaultConfigurationIsVisible = 0;
			defaultConfigurationName = Release;
		};
/* End XCConfigurationList section */

/* Begin XCVersionGroup section */
		98CC15F028028A3500B9FDC6 /* FindYourOnlys.xcdatamodeld */ = {
			isa = XCVersionGroup;
			children = (
				98CC15F128028A3500B9FDC6 /* FindYourOnlys.xcdatamodel */,
			);
			currentVersion = 98CC15F128028A3500B9FDC6 /* FindYourOnlys.xcdatamodel */;
			path = FindYourOnlys.xcdatamodeld;
			sourceTree = "<group>";
			versionGroupType = wrapper.xcdatamodel;
		};
/* End XCVersionGroup section */
	};
	rootObject = 98CC159B28005B6C00B9FDC6 /* Project object */;
}
